
Microsoft Visual Studio Solution File, Format Version 12.00
# Visual Studio Version 17
VisualStudioVersion = 17.2.32616.157
MinimumVisualStudioVersion = 10.0.40219.1
Project("{2150E333-8FDC-42A3-9474-1A3956D46DE8}") = "Production", "Production", "{82C44398-2642-45B9-BACC-EBDD9FB756A9}"
EndProject
Project("{2150E333-8FDC-42A3-9474-1A3956D46DE8}") = "Test", "Test", "{639ACFDD-E8D5-406A-BC07-A7721B598D69}"
EndProject
Project("{2150E333-8FDC-42A3-9474-1A3956D46DE8}") = "Documentation", "Documentation", "{98633C36-20E7-4FDA-9E37-D5DE44E627B6}"
EndProject
Project("{FAE04EC0-301F-11D3-BF4B-00C04F79EFBC}") = "PhotoScope.Utilities.UI.Common", "Utilities\src\PhotoScope.Utilities.UI.Common\PhotoScope.Utilities.UI.Common.csproj", "{8220A190-B4DB-40AB-894D-073226622437}"
EndProject
Project("{FAE04EC0-301F-11D3-BF4B-00C04F79EFBC}") = "PhotoScope.Core", "Core\src\PhotoScope.Core\PhotoScope.Core.csproj", "{486F6C02-6EFF-42A5-950C-A489FB797069}"
EndProject
Project("{FAE04EC0-301F-11D3-BF4B-00C04F79EFBC}") = "PhotoScope.Utilities.Common", "Utilities\src\PhotoScope.Utilities.Common\PhotoScope.Utilities.Common.csproj", "{F8196743-2E0B-4A41-939B-043BBD3BE404}"
EndProject
Project("{2150E333-8FDC-42A3-9474-1A3956D46DE8}") = "UnitTests", "UnitTests", "{FFF5E192-F8E7-4B4D-ABCD-F06852EF7A9D}"
EndProject
Project("{2150E333-8FDC-42A3-9474-1A3956D46DE8}") = "PhotoFeed", "PhotoFeed", "{7E523DE5-596F-4E90-B4D4-21A8EA85EF7C}"
EndProject
Project("{2150E333-8FDC-42A3-9474-1A3956D46DE8}") = "SearchDashboard", "SearchDashboard", "{8C4FD4AE-2CE1-4D00-8168-F2A2D533BC6B}"
EndProject
Project("{2150E333-8FDC-42A3-9474-1A3956D46DE8}") = "PreviewDisplay", "PreviewDisplay", "{45AA0224-FA0E-48F3-B188-A963C7EC7D3D}"
EndProject
Project("{2150E333-8FDC-42A3-9474-1A3956D46DE8}") = "HostControl", "HostControl", "{BF16651F-CD2F-4CB6-9B6D-0AA028B1231E}"
EndProject
Project("{2150E333-8FDC-42A3-9474-1A3956D46DE8}") = "ServiceAccess", "ServiceAccess", "{B74C84DE-FD49-452C-B788-B56E1C5B466E}"
EndProject
Project("{2150E333-8FDC-42A3-9474-1A3956D46DE8}") = "Utilities", "Utilities", "{B3BF654A-3081-4347-9C23-1FAAA53DCC59}"
EndProject
Project("{FAE04EC0-301F-11D3-BF4B-00C04F79EFBC}") = "HostControl.Bootstrapper", "HostControl\src\HostControl.Bootstrapper\HostControl.Bootstrapper.csproj", "{11473FE2-65DE-491C-99A3-C79E1E956DA3}"
EndProject
Project("{FAE04EC0-301F-11D3-BF4B-00C04F79EFBC}") = "HostControl.ConsoleUI", "HostControl\src\HostControl.ConsoleUI\HostControl.ConsoleUI.csproj", "{04100F12-3F2E-4EDE-BF6F-261B6E5D091C}"
EndProject
Project("{FAE04EC0-301F-11D3-BF4B-00C04F79EFBC}") = "PhotoFeed.BusinessLogic", "PhotoFeed\src\PhotoFeed.BusinessLogic\PhotoFeed.BusinessLogic.csproj", "{2F23565A-EC94-4086-B490-F0DF9A7C3639}"
EndProject
Project("{FAE04EC0-301F-11D3-BF4B-00C04F79EFBC}") = "PhotoFeed.Interfaces", "PhotoFeed\src\PhotoFeed.Interfaces\PhotoFeed.Interfaces.csproj", "{DE587014-C0A3-4812-9143-EDBAF6F5E358}"
EndProject
Project("{FAE04EC0-301F-11D3-BF4B-00C04F79EFBC}") = "PhotoFeed.UI", "PhotoFeed\src\PhotoFeed.UI\PhotoFeed.UI.csproj", "{3F434B29-4905-4691-A4D8-6E7938B55907}"
EndProject
Project("{FAE04EC0-301F-11D3-BF4B-00C04F79EFBC}") = "PreviewDisplay.BusinessLogic", "PreviewDisplay\src\PreviewDisplay.BusinessLogic\PreviewDisplay.BusinessLogic.csproj", "{1E1C77B8-C9DC-4E0B-B07C-65B8411EAA3C}"
EndProject
Project("{FAE04EC0-301F-11D3-BF4B-00C04F79EFBC}") = "PreviewDisplay.Interfaces", "PreviewDisplay\src\PreviewDisplay.Interfaces\PreviewDisplay.Interfaces.csproj", "{7765DE7D-ADD3-41C5-A93F-ECEBAB775094}"
EndProject
Project("{FAE04EC0-301F-11D3-BF4B-00C04F79EFBC}") = "ServiceAccess.FlickrService", "ServiceAccess\src\ServiceAccess.FlickrService\ServiceAccess.FlickrService.csproj", "{904579B3-0AEF-478B-B329-4A09A523830D}"
EndProject
Project("{FAE04EC0-301F-11D3-BF4B-00C04F79EFBC}") = "ServiceAccess.Interfaces", "ServiceAccess\src\ServiceAccess.Interfaces\ServiceAccess.Interfaces.csproj", "{7053913C-3229-44A8-BD70-757F15CD21EF}"
EndProject
Project("{FAE04EC0-301F-11D3-BF4B-00C04F79EFBC}") = "PreviewDisplay.UI", "PreviewDisplay\src\PreviewDisplay.UI\PreviewDisplay.UI.csproj", "{C0E40968-3643-41B4-9233-7CC0449EA22B}"
EndProject
Project("{FAE04EC0-301F-11D3-BF4B-00C04F79EFBC}") = "SearchDashboard.Interfaces", "SearchDashboard\src\SearchDashboard.Interfaces\SearchDashboard.Interfaces.csproj", "{5C9D1588-35FD-40BC-AC64-9B024641A517}"
EndProject
Project("{FAE04EC0-301F-11D3-BF4B-00C04F79EFBC}") = "SearchDashboard.BusinessLogic", "SearchDashboard\src\SearchDashboard.BusinessLogic\SearchDashboard.BusinessLogic.csproj", "{C1A7DA26-26EB-4EC3-8309-B7A3B07CDA81}"
EndProject
Project("{FAE04EC0-301F-11D3-BF4B-00C04F79EFBC}") = "SearchDashboard.UI", "SearchDashboard\src\SearchDashboard.UI\SearchDashboard.UI.csproj", "{8962D00C-FF1F-46DA-80FC-520928C979D5}"
EndProject
Project("{2150E333-8FDC-42A3-9474-1A3956D46DE8}") = "Core", "Core", "{8487E2CD-32F8-44CC-877D-0C30E0CA7FF2}"
EndProject
Project("{FAE04EC0-301F-11D3-BF4B-00C04F79EFBC}") = "PhotoFeed.BusinessLogic.UnitTests", "PhotoFeed\tst\PhotoFeed.BusinessLogic.UnitTests\PhotoFeed.BusinessLogic.UnitTests.csproj", "{1CB9AD6B-FCC5-4428-A592-3E09E9573F6C}"
EndProject
Global
	GlobalSection(SolutionConfigurationPlatforms) = preSolution
		Debug|Any CPU = Debug|Any CPU
		Release|Any CPU = Release|Any CPU
	EndGlobalSection
	GlobalSection(ProjectConfigurationPlatforms) = postSolution
		{8220A190-B4DB-40AB-894D-073226622437}.Debug|Any CPU.ActiveCfg = Debug|Any CPU
		{8220A190-B4DB-40AB-894D-073226622437}.Debug|Any CPU.Build.0 = Debug|Any CPU
		{8220A190-B4DB-40AB-894D-073226622437}.Release|Any CPU.ActiveCfg = Release|Any CPU
		{8220A190-B4DB-40AB-894D-073226622437}.Release|Any CPU.Build.0 = Release|Any CPU
		{486F6C02-6EFF-42A5-950C-A489FB797069}.Debug|Any CPU.ActiveCfg = Debug|Any CPU
		{486F6C02-6EFF-42A5-950C-A489FB797069}.Debug|Any CPU.Build.0 = Debug|Any CPU
		{486F6C02-6EFF-42A5-950C-A489FB797069}.Release|Any CPU.ActiveCfg = Release|Any CPU
		{486F6C02-6EFF-42A5-950C-A489FB797069}.Release|Any CPU.Build.0 = Release|Any CPU
		{F8196743-2E0B-4A41-939B-043BBD3BE404}.Debug|Any CPU.ActiveCfg = Debug|Any CPU
		{F8196743-2E0B-4A41-939B-043BBD3BE404}.Debug|Any CPU.Build.0 = Debug|Any CPU
		{F8196743-2E0B-4A41-939B-043BBD3BE404}.Release|Any CPU.ActiveCfg = Release|Any CPU
		{F8196743-2E0B-4A41-939B-043BBD3BE404}.Release|Any CPU.Build.0 = Release|Any CPU
		{11473FE2-65DE-491C-99A3-C79E1E956DA3}.Debug|Any CPU.ActiveCfg = Debug|Any CPU
		{11473FE2-65DE-491C-99A3-C79E1E956DA3}.Debug|Any CPU.Build.0 = Debug|Any CPU
		{11473FE2-65DE-491C-99A3-C79E1E956DA3}.Release|Any CPU.ActiveCfg = Release|Any CPU
		{11473FE2-65DE-491C-99A3-C79E1E956DA3}.Release|Any CPU.Build.0 = Release|Any CPU
		{04100F12-3F2E-4EDE-BF6F-261B6E5D091C}.Debug|Any CPU.ActiveCfg = Debug|Any CPU
		{04100F12-3F2E-4EDE-BF6F-261B6E5D091C}.Debug|Any CPU.Build.0 = Debug|Any CPU
		{04100F12-3F2E-4EDE-BF6F-261B6E5D091C}.Release|Any CPU.ActiveCfg = Release|Any CPU
		{04100F12-3F2E-4EDE-BF6F-261B6E5D091C}.Release|Any CPU.Build.0 = Release|Any CPU
		{2F23565A-EC94-4086-B490-F0DF9A7C3639}.Debug|Any CPU.ActiveCfg = Debug|Any CPU
		{2F23565A-EC94-4086-B490-F0DF9A7C3639}.Debug|Any CPU.Build.0 = Debug|Any CPU
		{2F23565A-EC94-4086-B490-F0DF9A7C3639}.Release|Any CPU.ActiveCfg = Release|Any CPU
		{2F23565A-EC94-4086-B490-F0DF9A7C3639}.Release|Any CPU.Build.0 = Release|Any CPU
		{DE587014-C0A3-4812-9143-EDBAF6F5E358}.Debug|Any CPU.ActiveCfg = Debug|Any CPU
		{DE587014-C0A3-4812-9143-EDBAF6F5E358}.Debug|Any CPU.Build.0 = Debug|Any CPU
		{DE587014-C0A3-4812-9143-EDBAF6F5E358}.Release|Any CPU.ActiveCfg = Release|Any CPU
		{DE587014-C0A3-4812-9143-EDBAF6F5E358}.Release|Any CPU.Build.0 = Release|Any CPU
		{3F434B29-4905-4691-A4D8-6E7938B55907}.Debug|Any CPU.ActiveCfg = Debug|Any CPU
		{3F434B29-4905-4691-A4D8-6E7938B55907}.Debug|Any CPU.Build.0 = Debug|Any CPU
		{3F434B29-4905-4691-A4D8-6E7938B55907}.Release|Any CPU.ActiveCfg = Release|Any CPU
		{3F434B29-4905-4691-A4D8-6E7938B55907}.Release|Any CPU.Build.0 = Release|Any CPU
		{1E1C77B8-C9DC-4E0B-B07C-65B8411EAA3C}.Debug|Any CPU.ActiveCfg = Debug|Any CPU
		{1E1C77B8-C9DC-4E0B-B07C-65B8411EAA3C}.Debug|Any CPU.Build.0 = Debug|Any CPU
		{1E1C77B8-C9DC-4E0B-B07C-65B8411EAA3C}.Release|Any CPU.ActiveCfg = Release|Any CPU
		{1E1C77B8-C9DC-4E0B-B07C-65B8411EAA3C}.Release|Any CPU.Build.0 = Release|Any CPU
		{7765DE7D-ADD3-41C5-A93F-ECEBAB775094}.Debug|Any CPU.ActiveCfg = Debug|Any CPU
		{7765DE7D-ADD3-41C5-A93F-ECEBAB775094}.Debug|Any CPU.Build.0 = Debug|Any CPU
		{7765DE7D-ADD3-41C5-A93F-ECEBAB775094}.Release|Any CPU.ActiveCfg = Release|Any CPU
		{7765DE7D-ADD3-41C5-A93F-ECEBAB775094}.Release|Any CPU.Build.0 = Release|Any CPU
		{904579B3-0AEF-478B-B329-4A09A523830D}.Debug|Any CPU.ActiveCfg = Debug|Any CPU
		{904579B3-0AEF-478B-B329-4A09A523830D}.Debug|Any CPU.Build.0 = Debug|Any CPU
		{904579B3-0AEF-478B-B329-4A09A523830D}.Release|Any CPU.ActiveCfg = Release|Any CPU
		{904579B3-0AEF-478B-B329-4A09A523830D}.Release|Any CPU.Build.0 = Release|Any CPU
		{7053913C-3229-44A8-BD70-757F15CD21EF}.Debug|Any CPU.ActiveCfg = Debug|Any CPU
		{7053913C-3229-44A8-BD70-757F15CD21EF}.Debug|Any CPU.Build.0 = Debug|Any CPU
		{7053913C-3229-44A8-BD70-757F15CD21EF}.Release|Any CPU.ActiveCfg = Release|Any CPU
		{7053913C-3229-44A8-BD70-757F15CD21EF}.Release|Any CPU.Build.0 = Release|Any CPU
		{C0E40968-3643-41B4-9233-7CC0449EA22B}.Debug|Any CPU.ActiveCfg = Debug|Any CPU
		{C0E40968-3643-41B4-9233-7CC0449EA22B}.Debug|Any CPU.Build.0 = Debug|Any CPU
		{C0E40968-3643-41B4-9233-7CC0449EA22B}.Release|Any CPU.ActiveCfg = Release|Any CPU
		{C0E40968-3643-41B4-9233-7CC0449EA22B}.Release|Any CPU.Build.0 = Release|Any CPU
		{5C9D1588-35FD-40BC-AC64-9B024641A517}.Debug|Any CPU.ActiveCfg = Debug|Any CPU
		{5C9D1588-35FD-40BC-AC64-9B024641A517}.Debug|Any CPU.Build.0 = Debug|Any CPU
		{5C9D1588-35FD-40BC-AC64-9B024641A517}.Release|Any CPU.ActiveCfg = Release|Any CPU
		{5C9D1588-35FD-40BC-AC64-9B024641A517}.Release|Any CPU.Build.0 = Release|Any CPU
		{C1A7DA26-26EB-4EC3-8309-B7A3B07CDA81}.Debug|Any CPU.ActiveCfg = Debug|Any CPU
		{C1A7DA26-26EB-4EC3-8309-B7A3B07CDA81}.Debug|Any CPU.Build.0 = Debug|Any CPU
		{C1A7DA26-26EB-4EC3-8309-B7A3B07CDA81}.Release|Any CPU.ActiveCfg = Release|Any CPU
		{C1A7DA26-26EB-4EC3-8309-B7A3B07CDA81}.Release|Any CPU.Build.0 = Release|Any CPU
		{8962D00C-FF1F-46DA-80FC-520928C979D5}.Debug|Any CPU.ActiveCfg = Debug|Any CPU
		{8962D00C-FF1F-46DA-80FC-520928C979D5}.Debug|Any CPU.Build.0 = Debug|Any CPU
		{8962D00C-FF1F-46DA-80FC-520928C979D5}.Release|Any CPU.ActiveCfg = Release|Any CPU
		{8962D00C-FF1F-46DA-80FC-520928C979D5}.Release|Any CPU.Build.0 = Release|Any CPU
		{1CB9AD6B-FCC5-4428-A592-3E09E9573F6C}.Debug|Any CPU.ActiveCfg = Debug|Any CPU
		{1CB9AD6B-FCC5-4428-A592-3E09E9573F6C}.Debug|Any CPU.Build.0 = Debug|Any CPU
		{1CB9AD6B-FCC5-4428-A592-3E09E9573F6C}.Release|Any CPU.ActiveCfg = Release|Any CPU
		{1CB9AD6B-FCC5-4428-A592-3E09E9573F6C}.Release|Any CPU.Build.0 = Release|Any CPU
	EndGlobalSection
	GlobalSection(SolutionProperties) = preSolution
		HideSolutionNode = FALSE
	EndGlobalSection
	GlobalSection(NestedProjects) = preSolution
		{8220A190-B4DB-40AB-894D-073226622437} = {B3BF654A-3081-4347-9C23-1FAAA53DCC59}
		{486F6C02-6EFF-42A5-950C-A489FB797069} = {8487E2CD-32F8-44CC-877D-0C30E0CA7FF2}
		{F8196743-2E0B-4A41-939B-043BBD3BE404} = {B3BF654A-3081-4347-9C23-1FAAA53DCC59}
		{FFF5E192-F8E7-4B4D-ABCD-F06852EF7A9D} = {639ACFDD-E8D5-406A-BC07-A7721B598D69}
		{7E523DE5-596F-4E90-B4D4-21A8EA85EF7C} = {82C44398-2642-45B9-BACC-EBDD9FB756A9}
		{8C4FD4AE-2CE1-4D00-8168-F2A2D533BC6B} = {82C44398-2642-45B9-BACC-EBDD9FB756A9}
		{45AA0224-FA0E-48F3-B188-A963C7EC7D3D} = {82C44398-2642-45B9-BACC-EBDD9FB756A9}
		{BF16651F-CD2F-4CB6-9B6D-0AA028B1231E} = {82C44398-2642-45B9-BACC-EBDD9FB756A9}
		{B74C84DE-FD49-452C-B788-B56E1C5B466E} = {82C44398-2642-45B9-BACC-EBDD9FB756A9}
		{B3BF654A-3081-4347-9C23-1FAAA53DCC59} = {82C44398-2642-45B9-BACC-EBDD9FB756A9}
		{11473FE2-65DE-491C-99A3-C79E1E956DA3} = {BF16651F-CD2F-4CB6-9B6D-0AA028B1231E}
		{04100F12-3F2E-4EDE-BF6F-261B6E5D091C} = {BF16651F-CD2F-4CB6-9B6D-0AA028B1231E}
		{2F23565A-EC94-4086-B490-F0DF9A7C3639} = {7E523DE5-596F-4E90-B4D4-21A8EA85EF7C}
		{DE587014-C0A3-4812-9143-EDBAF6F5E358} = {7E523DE5-596F-4E90-B4D4-21A8EA85EF7C}
		{3F434B29-4905-4691-A4D8-6E7938B55907} = {7E523DE5-596F-4E90-B4D4-21A8EA85EF7C}
		{1E1C77B8-C9DC-4E0B-B07C-65B8411EAA3C} = {45AA0224-FA0E-48F3-B188-A963C7EC7D3D}
		{7765DE7D-ADD3-41C5-A93F-ECEBAB775094} = {45AA0224-FA0E-48F3-B188-A963C7EC7D3D}
		{904579B3-0AEF-478B-B329-4A09A523830D} = {B74C84DE-FD49-452C-B788-B56E1C5B466E}
		{7053913C-3229-44A8-BD70-757F15CD21EF} = {B74C84DE-FD49-452C-B788-B56E1C5B466E}
		{C0E40968-3643-41B4-9233-7CC0449EA22B} = {45AA0224-FA0E-48F3-B188-A963C7EC7D3D}
		{5C9D1588-35FD-40BC-AC64-9B024641A517} = {8C4FD4AE-2CE1-4D00-8168-F2A2D533BC6B}
		{C1A7DA26-26EB-4EC3-8309-B7A3B07CDA81} = {8C4FD4AE-2CE1-4D00-8168-F2A2D533BC6B}
		{8962D00C-FF1F-46DA-80FC-520928C979D5} = {8C4FD4AE-2CE1-4D00-8168-F2A2D533BC6B}
		{8487E2CD-32F8-44CC-877D-0C30E0CA7FF2} = {82C44398-2642-45B9-BACC-EBDD9FB756A9}
		{1CB9AD6B-FCC5-4428-A592-3E09E9573F6C} = {FFF5E192-F8E7-4B4D-ABCD-F06852EF7A9D}
	EndGlobalSection
	GlobalSection(ExtensibilityGlobals) = postSolution
		SolutionGuid = {6C57CA79-FBA3-4511-A2BC-63738EAE82BD}
	EndGlobalSection
EndGlobal
