
Microsoft Visual Studio Solution File, Format Version 12.00
# Visual Studio Version 17
VisualStudioVersion = 17.2.32616.157
MinimumVisualStudioVersion = 10.0.40219.1
Project("{2150E333-8FDC-42A3-9474-1A3956D46DE8}") = "Production", "Production", "{82C44398-2642-45B9-BACC-EBDD9FB756A9}"
EndProject
Project("{2150E333-8FDC-42A3-9474-1A3956D46DE8}") = "Test", "Test", "{639ACFDD-E8D5-406A-BC07-A7721B598D69}"
EndProject
Project("{2150E333-8FDC-42A3-9474-1A3956D46DE8}") = "Documentation", "Documentation", "{98633C36-20E7-4FDA-9E37-D5DE44E627B6}"
EndProject
Project("{FAE04EC0-301F-11D3-BF4B-00C04F79EFBC}") = "PhotoScope.DesktopUI", "src\PhotoScope.DesktopUI\PhotoScope.DesktopUI.csproj", "{769931B1-728A-416C-972D-D99728E05F9D}"
EndProject
Project("{FAE04EC0-301F-11D3-BF4B-00C04F79EFBC}") = "PhotoScope.Utilities.UI.Common", "src\PhotoScope.Utilities.UI.Common\PhotoScope.Utilities.UI.Common.csproj", "{8220A190-B4DB-40AB-894D-073226622437}"
EndProject
Project("{FAE04EC0-301F-11D3-BF4B-00C04F79EFBC}") = "PhotoScope.ServiceAccessLayer", "src\PhotoScope.ServiceAccessLayer\PhotoScope.ServiceAccessLayer.csproj", "{3C766051-3555-4A2C-8CDE-016E79E99F49}"
EndProject
Project("{FAE04EC0-301F-11D3-BF4B-00C04F79EFBC}") = "PhotoScope.Core", "src\PhotoScope.Core\PhotoScope.Core.csproj", "{486F6C02-6EFF-42A5-950C-A489FB797069}"
EndProject
Project("{FAE04EC0-301F-11D3-BF4B-00C04F79EFBC}") = "PhotoScope.BusinessLogic", "src\PhotoScope.BusinessLogic\PhotoScope.BusinessLogic.csproj", "{5DBFDD54-3CEB-479E-B86A-33B397B36482}"
EndProject
Project("{FAE04EC0-301F-11D3-BF4B-00C04F79EFBC}") = "PhotoScope.Utilities.Common", "src\PhotoScope.Utilities.Common\PhotoScope.Utilities.Common.csproj", "{F8196743-2E0B-4A41-939B-043BBD3BE404}"
EndProject
Project("{2150E333-8FDC-42A3-9474-1A3956D46DE8}") = "UnitTests", "UnitTests", "{FFF5E192-F8E7-4B4D-ABCD-F06852EF7A9D}"
EndProject
Project("{FAE04EC0-301F-11D3-BF4B-00C04F79EFBC}") = "PhotoScope.BusinessLogic.Tests", "tst\PhotoScope.BusinessLogic.Tests\PhotoScope.BusinessLogic.Tests.csproj", "{01EB364D-0CB5-4D6E-ADAC-411D5751FA8F}"
EndProject
Project("{FAE04EC0-301F-11D3-BF4B-00C04F79EFBC}") = "PhotoScope.PreviewDisplay", "PhotoScope.PreviewDisplay\PhotoScope.PreviewDisplay.csproj", "{C52FAD36-6267-4C6F-BA89-B59518D1824F}"
EndProject
Global
	GlobalSection(SolutionConfigurationPlatforms) = preSolution
		Debug|Any CPU = Debug|Any CPU
		Release|Any CPU = Release|Any CPU
	EndGlobalSection
	GlobalSection(ProjectConfigurationPlatforms) = postSolution
		{769931B1-728A-416C-972D-D99728E05F9D}.Debug|Any CPU.ActiveCfg = Debug|Any CPU
		{769931B1-728A-416C-972D-D99728E05F9D}.Debug|Any CPU.Build.0 = Debug|Any CPU
		{769931B1-728A-416C-972D-D99728E05F9D}.Release|Any CPU.ActiveCfg = Release|Any CPU
		{769931B1-728A-416C-972D-D99728E05F9D}.Release|Any CPU.Build.0 = Release|Any CPU
		{8220A190-B4DB-40AB-894D-073226622437}.Debug|Any CPU.ActiveCfg = Debug|Any CPU
		{8220A190-B4DB-40AB-894D-073226622437}.Debug|Any CPU.Build.0 = Debug|Any CPU
		{8220A190-B4DB-40AB-894D-073226622437}.Release|Any CPU.ActiveCfg = Release|Any CPU
		{8220A190-B4DB-40AB-894D-073226622437}.Release|Any CPU.Build.0 = Release|Any CPU
		{3C766051-3555-4A2C-8CDE-016E79E99F49}.Debug|Any CPU.ActiveCfg = Debug|Any CPU
		{3C766051-3555-4A2C-8CDE-016E79E99F49}.Debug|Any CPU.Build.0 = Debug|Any CPU
		{3C766051-3555-4A2C-8CDE-016E79E99F49}.Release|Any CPU.ActiveCfg = Release|Any CPU
		{3C766051-3555-4A2C-8CDE-016E79E99F49}.Release|Any CPU.Build.0 = Release|Any CPU
		{486F6C02-6EFF-42A5-950C-A489FB797069}.Debug|Any CPU.ActiveCfg = Debug|Any CPU
		{486F6C02-6EFF-42A5-950C-A489FB797069}.Debug|Any CPU.Build.0 = Debug|Any CPU
		{486F6C02-6EFF-42A5-950C-A489FB797069}.Release|Any CPU.ActiveCfg = Release|Any CPU
		{486F6C02-6EFF-42A5-950C-A489FB797069}.Release|Any CPU.Build.0 = Release|Any CPU
		{5DBFDD54-3CEB-479E-B86A-33B397B36482}.Debug|Any CPU.ActiveCfg = Debug|Any CPU
		{5DBFDD54-3CEB-479E-B86A-33B397B36482}.Debug|Any CPU.Build.0 = Debug|Any CPU
		{5DBFDD54-3CEB-479E-B86A-33B397B36482}.Release|Any CPU.ActiveCfg = Release|Any CPU
		{5DBFDD54-3CEB-479E-B86A-33B397B36482}.Release|Any CPU.Build.0 = Release|Any CPU
		{F8196743-2E0B-4A41-939B-043BBD3BE404}.Debug|Any CPU.ActiveCfg = Debug|Any CPU
		{F8196743-2E0B-4A41-939B-043BBD3BE404}.Debug|Any CPU.Build.0 = Debug|Any CPU
		{F8196743-2E0B-4A41-939B-043BBD3BE404}.Release|Any CPU.ActiveCfg = Release|Any CPU
		{F8196743-2E0B-4A41-939B-043BBD3BE404}.Release|Any CPU.Build.0 = Release|Any CPU
		{01EB364D-0CB5-4D6E-ADAC-411D5751FA8F}.Debug|Any CPU.ActiveCfg = Debug|Any CPU
		{01EB364D-0CB5-4D6E-ADAC-411D5751FA8F}.Debug|Any CPU.Build.0 = Debug|Any CPU
		{01EB364D-0CB5-4D6E-ADAC-411D5751FA8F}.Release|Any CPU.ActiveCfg = Release|Any CPU
		{01EB364D-0CB5-4D6E-ADAC-411D5751FA8F}.Release|Any CPU.Build.0 = Release|Any CPU
		{C52FAD36-6267-4C6F-BA89-B59518D1824F}.Debug|Any CPU.ActiveCfg = Debug|Any CPU
		{C52FAD36-6267-4C6F-BA89-B59518D1824F}.Debug|Any CPU.Build.0 = Debug|Any CPU
		{C52FAD36-6267-4C6F-BA89-B59518D1824F}.Release|Any CPU.ActiveCfg = Release|Any CPU
		{C52FAD36-6267-4C6F-BA89-B59518D1824F}.Release|Any CPU.Build.0 = Release|Any CPU
	EndGlobalSection
	GlobalSection(SolutionProperties) = preSolution
		HideSolutionNode = FALSE
	EndGlobalSection
	GlobalSection(NestedProjects) = preSolution
		{769931B1-728A-416C-972D-D99728E05F9D} = {82C44398-2642-45B9-BACC-EBDD9FB756A9}
		{8220A190-B4DB-40AB-894D-073226622437} = {82C44398-2642-45B9-BACC-EBDD9FB756A9}
		{3C766051-3555-4A2C-8CDE-016E79E99F49} = {82C44398-2642-45B9-BACC-EBDD9FB756A9}
		{486F6C02-6EFF-42A5-950C-A489FB797069} = {82C44398-2642-45B9-BACC-EBDD9FB756A9}
		{5DBFDD54-3CEB-479E-B86A-33B397B36482} = {82C44398-2642-45B9-BACC-EBDD9FB756A9}
		{F8196743-2E0B-4A41-939B-043BBD3BE404} = {82C44398-2642-45B9-BACC-EBDD9FB756A9}
		{FFF5E192-F8E7-4B4D-ABCD-F06852EF7A9D} = {639ACFDD-E8D5-406A-BC07-A7721B598D69}
		{01EB364D-0CB5-4D6E-ADAC-411D5751FA8F} = {FFF5E192-F8E7-4B4D-ABCD-F06852EF7A9D}
		{C52FAD36-6267-4C6F-BA89-B59518D1824F} = {82C44398-2642-45B9-BACC-EBDD9FB756A9}
	EndGlobalSection
	GlobalSection(ExtensibilityGlobals) = postSolution
		SolutionGuid = {6C57CA79-FBA3-4511-A2BC-63738EAE82BD}
	EndGlobalSection
EndGlobal
